
Microsoft Visual Studio Solution File, Format Version 12.00
# Visual Studio 2013
VisualStudioVersion = 12.0.30110.0
MinimumVisualStudioVersion = 10.0.40219.1
Project("{2150E333-8FDC-42A3-9474-1A3956D46DE8}") = ".nuget", ".nuget", "{5F9EEF8D-8E93-4AE7-A06F-91E17FB9B292}"
	ProjectSection(SolutionItems) = preProject
		.nuget\NuGet.Config = .nuget\NuGet.Config
		.nuget\NuGet.exe = .nuget\NuGet.exe
		.nuget\NuGet.targets = .nuget\NuGet.targets
	EndProjectSection
EndProject
Project("{FAE04EC0-301F-11D3-BF4B-00C04F79EFBC}") = "NakedIdentity.Mvc", "NakedIdentity.Mvc\NakedIdentity.Mvc.csproj", "{0AF859A5-9323-4839-BDBC-57DC4FA6712D}"
EndProject
Global
	GlobalSection(SolutionConfigurationPlatforms) = preSolution
		Debug|Any CPU = Debug|Any CPU
		Release|Any CPU = Release|Any CPU
	EndGlobalSection
	GlobalSection(ProjectConfigurationPlatforms) = postSolution
		{0AF859A5-9323-4839-BDBC-57DC4FA6712D}.Debug|Any CPU.ActiveCfg = Debug|Any CPU
		{0AF859A5-9323-4839-BDBC-57DC4FA6712D}.Debug|Any CPU.Build.0 = Debug|Any CPU
		{0AF859A5-9323-4839-BDBC-57DC4FA6712D}.Release|Any CPU.ActiveCfg = Release|Any CPU
		{0AF859A5-9323-4839-BDBC-57DC4FA6712D}.Release|Any CPU.Build.0 = Release|Any CPU
	EndGlobalSection
	GlobalSection(SolutionProperties) = preSolution
		HideSolutionNode = FALSE
	EndGlobalSection
EndGlobal
